{
  "version": 1,
  "dependencies": {
    "net10.0": {
      "Google.Cloud.BigQuery.V2": {
        "type": "Direct",
        "requested": "[3.12.0, )",
        "resolved": "3.12.0",
        "contentHash": "PHnfpvME2d2YUQdHRb6tzjgkdbkumie0K0G1rpXfO4LlLBCUE8UkXD4GYG4JKYoCRAevxGHMb2PBXSWGBDSw0Q==",
        "dependencies": {
          "Google.Api.Gax.Rest": "[4.13.1, 5.0.0)",
          "Google.Apis.Bigquery.v2": "[1.74.0.4090, 2.0.0)"
        }
      },
      "Google.Cloud.Functions.Hosting": {
        "type": "Direct",
        "requested": "[3.0.1, )",
        "resolved": "3.0.1",
        "contentHash": "KpaJIFEQ16Fn/SOE4xy9wE61/t00IQ7JscFhstC1ZXkTBOtvDNqeKVugTRamiFTYI12uas64QZgboK1NMDyTFw==",
        "dependencies": {
          "CloudNative.CloudEvents.SystemTextJson": "2.8.0",
          "Google.Cloud.Functions.Framework": "3.0.1"
        }
      },
      "Google.GenAI": {
        "type": "Direct",
        "requested": "[1.21.0, )",
        "resolved": "1.21.0",
        "contentHash": "xIP+H1QusTvYPDklfsuh7pQxNlRMOTDKzvBtnE4ITJSRoddBjrHTrw0vsxbFfRPDy5GN9GlwlAYoy3Q2bjoAEA==",
        "dependencies": {
          "Google.Apis.Auth": "1.69.0",
          "Microsoft.Extensions.AI.Abstractions": "10.6.0",
          "MimeTypes": "2.5.2"
        }
      },
      "IDisposableAnalyzers": {
        "type": "Direct",
        "requested": "[4.0.8, )",
        "resolved": "4.0.8",
        "contentHash": "vNi4NMG0CcJyjXxiNDcQ21FwV/whM9o9OEZKD+oP7tuxAqFEzX/x5OhC3OZJqW/w+8GOtCmJPBquYgMWgz0rfQ=="
      },
      "Newtonsoft.Json": {
        "type": "Direct",
        "requested": "[13.0.4, )",
        "resolved": "13.0.4",
        "contentHash": "pdgNNMai3zv51W5aq268sujXUyx7SNdE2bj1wZcWjAQrKMFZV260lbqYop1d2GM67JI1huLRwxo9ZqnfF/lC6A=="
      },
      "NodaTime": {
        "type": "Direct",
        "requested": "[3.3.3, )",
        "resolved": "3.3.3",
        "contentHash": "EwouHZv99j5hraq34yQqvCQGDR59dynxPHlxFm2vY/sw2N2aR8cFel29ZxPqohjBWp9Qsnld7QCY+7uZ2PESGg=="
      },
      "SlackNet": {
        "type": "Direct",
        "requested": "[0.18.0, )",
        "resolved": "0.18.0",
        "contentHash": "NZw8gZ8eLw80jEtPxNbWoy/noZvzdpdR5o2Cemj2JTgK6JXjQPHwLBWKrlPIsk4j1c2C9Ue8f7MLeqNla+GQGw==",
        "dependencies": {
          "Newtonsoft.Json": "13.0.3",
          "System.Reactive": "6.0.1"
        }
      },
      "CloudNative.CloudEvents": {
        "type": "Transitive",
        "resolved": "2.8.0",
        "contentHash": "RvabvAQV7u3FZcZL5UlRmFz3/T5nMl86GpChpRvHKRHbO+/I4LBcZ0xRqYnNfAh30gM+h/JkSBHEnbhl0zmGtA=="
      },
      "CloudNative.CloudEvents.AspNetCore": {
        "type": "Transitive",
        "resolved": "2.8.0",
        "contentHash": "wkYudLZ+fDLwJDvUDQlL8VAvlCUHhhafRg3blhrvwOvFJR3nj4PY8gs5ROAAlhHMmxvHfufE0LNoyqdL7Bj80g==",
        "dependencies": {
          "CloudNative.CloudEvents": "2.8.0"
        }
      },
      "CloudNative.CloudEvents.SystemTextJson": {
        "type": "Transitive",
        "resolved": "2.8.0",
        "contentHash": "En3Bvf7tTbGyB/AWJIPGw8ksh1OgiSI3cBXmNvuH9+PMR4l0vVRlp9YsTu+gY7S/0VFyJDHP66P3uZHzgsRQ7w==",
        "dependencies": {
          "CloudNative.CloudEvents": "2.8.0"
        }
      },
      "Google.Api.Gax": {
        "type": "Transitive",
        "resolved": "4.13.1",
        "contentHash": "ujDpZk7O2VqAEIqcSlhH0FKzVpGZWly/qcNjHxpNUrL445Tei9PHnu4V1pwW2WDiMDvo3TpL1Bi4DeU525Afrg==",
        "dependencies": {
          "Microsoft.Bcl.AsyncInterfaces": "6.0.0",
          "Newtonsoft.Json": "13.0.4"
        }
      },
      "Google.Api.Gax.Rest": {
        "type": "Transitive",
        "resolved": "4.13.1",
        "contentHash": "wDfFZXKoHC6sy+Yfub/4cLQOb5ozBVPqDOrxCUAeTfku4d96ILqgzulJSdkPHbiT3oWB3hlYTdJgUwNSJjyo+A==",
        "dependencies": {
          "Google.Api.Gax": "4.13.1",
          "Google.Apis.Auth": "1.73.0",
          "Microsoft.Extensions.DependencyInjection.Abstractions": "6.0.0"
        }
      },
      "Google.Apis": {
        "type": "Transitive",
        "resolved": "1.74.0",
        "contentHash": "Z6hSkmRD6V8/raSBqn/EsPpNop6suaLaGE9DbSY3yRE5G47l4zYqrJgapcLARk2Z3TsQUDmWz+w/tob3wuVt3g==",
        "dependencies": {
          "Google.Apis.Core": "1.74.0"
        }
      },
      "Google.Apis.Auth": {
        "type": "Transitive",
        "resolved": "1.74.0",
        "contentHash": "43H4foh3zfWgboK8QnJjIfPQuBiS794TxqQLDfeE3erQSluKmEN0qeDuwxLTpSr9Mtwj76S4LWxPneuSbC6fNg==",
        "dependencies": {
          "Google.Apis": "1.74.0",
          "Google.Apis.Core": "1.74.0",
          "System.Management": "7.0.2"
        }
      },
      "Google.Apis.Bigquery.v2": {
        "type": "Transitive",
        "resolved": "1.74.0.4090",
        "contentHash": "j61/zJmHrGdQ44aluZ54HJOpG0ncIVQCAfTdyM43xD9kJD7t+W+oQS6waHnXbWM0OnTbp483Trkj0lD22tYLBQ==",
        "dependencies": {
          "Google.Apis": "1.74.0",
          "Google.Apis.Auth": "1.74.0"
        }
      },
      "Google.Apis.Core": {
        "type": "Transitive",
        "resolved": "1.74.0",
        "contentHash": "gWOIiks6yo2TRliIyy10V18BJOO2BfUSPJFiTW6Tfap4tm3hFj7nvYU3XIfwzAxwoIy6nsBoqVDt9iBDSXrvYQ==",
        "dependencies": {
          "Newtonsoft.Json": "13.0.4"
        }
      },
      "Google.Cloud.Functions.Framework": {
        "type": "Transitive",
        "resolved": "3.0.1",
        "contentHash": "GRxWPuiT//6lJx1y9d0ctlF67/WTjZSMEzXKNdGv3CxptTUV2a3WGw1bD4dVwT4L22WR92+Pjk7NofwuRC+M1w==",
        "dependencies": {
          "CloudNative.CloudEvents.AspNetCore": "2.8.0"
        }
      },
      "Microsoft.Bcl.AsyncInterfaces": {
        "type": "Transitive",
        "resolved": "6.0.0",
        "contentHash": "UcSjPsst+DfAdJGVDsu346FX0ci0ah+lw3WRtn18NUwEqRt70HaOQ7lI72vy3+1LxtqI3T5GWwV39rQSrCzAeg=="
      },
      "Microsoft.Extensions.AI.Abstractions": {
        "type": "Transitive",
        "resolved": "10.6.0",
        "contentHash": "JCkVoyqBqi9r3Vs5Qo5PfZobT0+CWeOx+9y9yggBxtW9s/X5CAoa7Iw/tP/rfUdz+nxRKMSBmrytYgwmu60lgA=="
      },
      "Microsoft.Extensions.DependencyInjection.Abstractions": {
        "type": "Transitive",
        "resolved": "6.0.0",
        "contentHash": "xlzi2IYREJH3/m6+lUrQlujzX8wDitm4QGnUu6kUXTQAWPuZY8i+ticFJbzfqaetLA6KR/rO6Ew/HuYD+bxifg=="
      },
      "MimeTypes": {
        "type": "Transitive",
        "resolved": "2.5.2",
        "contentHash": "vm4xrNt+i6OVRQ8vhfCcmDIUg3qvjyCTkSTNVTDFohsG6CXEpMaVFkidECL6yRYpHDnz4TqXhDoEQAcnHCu/tw=="
      },
      "System.CodeDom": {
        "type": "Transitive",
        "resolved": "7.0.0",
        "contentHash": "GLltyqEsE5/3IE+zYRP5sNa1l44qKl9v+bfdMcwg+M9qnQf47wK3H0SUR/T+3N4JEQXF3vV4CSuuo0rsg+nq2A=="
      },
      "System.Management": {
        "type": "Transitive",
        "resolved": "7.0.2",
        "contentHash": "/qEUN91mP/MUQmJnM5y5BdT7ZoPuVrtxnFlbJ8a3kBJGhe2wCzBfnPFtK2wTtEEcf3DMGR9J00GZZfg6HRI6yA==",
        "dependencies": {
          "System.CodeDom": "7.0.0"
        }
      },
      "System.Reactive": {
        "type": "Transitive",
        "resolved": "6.0.1",
        "contentHash": "rHaWtKDwCi9qJ3ObKo8LHPMuuwv33YbmQi7TcUK1C264V3MFnOr5Im7QgCTdLniztP3GJyeiSg5x8NqYJFqRmg=="
      }
    }
  }
}